// !$*UTF8*$!
{
	archiveVersion = 1;
	classes = {
	};
	objectVersion = 46;
	objects = {

/* Begin PBXBuildFile section */
		209468751EC3CB2400DCDCBD /* AppDelegate.swift in Sources */ = {isa = PBXBuildFile; fileRef = 209468741EC3CB2400DCDCBD /* AppDelegate.swift */; };
		209468771EC3CB2400DCDCBD /* ViewController.swift in Sources */ = {isa = PBXBuildFile; fileRef = 209468761EC3CB2400DCDCBD /* ViewController.swift */; };
		2094687A1EC3CB2400DCDCBD /* Main.storyboard in Resources */ = {isa = PBXBuildFile; fileRef = 209468781EC3CB2400DCDCBD /* Main.storyboard */; };
		2094687D1EC3CB2400DCDCBD /* Registro_De_Problemas.xcdatamodeld in Sources */ = {isa = PBXBuildFile; fileRef = 2094687B1EC3CB2400DCDCBD /* Registro_De_Problemas.xcdatamodeld */; };
		2094687F1EC3CB2400DCDCBD /* Assets.xcassets in Resources */ = {isa = PBXBuildFile; fileRef = 2094687E1EC3CB2400DCDCBD /* Assets.xcassets */; };
		209468821EC3CB2400DCDCBD /* LaunchScreen.storyboard in Resources */ = {isa = PBXBuildFile; fileRef = 209468801EC3CB2400DCDCBD /* LaunchScreen.storyboard */; };
		20EC004B1EFB35F5001A241F /* DIClosures.swift in Sources */ = {isa = PBXBuildFile; fileRef = 20EC00401EFB35F5001A241F /* DIClosures.swift */; };
		20EC004C1EFB35F5001A241F /* CDMColorManager.swift in Sources */ = {isa = PBXBuildFile; fileRef = 20EC00421EFB35F5001A241F /* CDMColorManager.swift */; };
		20EC004D1EFB35F5001A241F /* CDMDateManager.swift in Sources */ = {isa = PBXBuildFile; fileRef = 20EC00431EFB35F5001A241F /* CDMDateManager.swift */; };
		20EC004E1EFB35F5001A241F /* CDMImageDownloaded.swift in Sources */ = {isa = PBXBuildFile; fileRef = 20EC00441EFB35F5001A241F /* CDMImageDownloaded.swift */; };
		20EC004F1EFB35F5001A241F /* CDMKeyChain.swift in Sources */ = {isa = PBXBuildFile; fileRef = 20EC00451EFB35F5001A241F /* CDMKeyChain.swift */; };
		20EC00501EFB35F5001A241F /* CDMLoadingView.swift in Sources */ = {isa = PBXBuildFile; fileRef = 20EC00461EFB35F5001A241F /* CDMLoadingView.swift */; };
		20EC00511EFB35F5001A241F /* CDMLocationManager.swift in Sources */ = {isa = PBXBuildFile; fileRef = 20EC00471EFB35F5001A241F /* CDMLocationManager.swift */; };
		20EC00521EFB35F5001A241F /* CDMUserAlerts.swift in Sources */ = {isa = PBXBuildFile; fileRef = 20EC00481EFB35F5001A241F /* CDMUserAlerts.swift */; };
		20EC00531EFB35F5001A241F /* CDMWebResponse.swift in Sources */ = {isa = PBXBuildFile; fileRef = 20EC00491EFB35F5001A241F /* CDMWebResponse.swift */; };
		20EC00541EFB35F5001A241F /* CDMWebSender.swift in Sources */ = {isa = PBXBuildFile; fileRef = 20EC004A1EFB35F5001A241F /* CDMWebSender.swift */; };
		20EC00561EFB36AF001A241F /* LogIn.storyboard in Resources */ = {isa = PBXBuildFile; fileRef = 20EC00551EFB36AF001A241F /* LogIn.storyboard */; };
		20EC00591EFB3759001A241F /* RDPLogInViewController.swift in Sources */ = {isa = PBXBuildFile; fileRef = 20EC00581EFB3759001A241F /* RDPLogInViewController.swift */; };
		20EC005B1EFB377F001A241F /* RDPUsuarioBE.swift in Sources */ = {isa = PBXBuildFile; fileRef = 20EC005A1EFB377F001A241F /* RDPUsuarioBE.swift */; };
		20EC005D1EFB46C6001A241F /* RDPUsuarioDALC.swift in Sources */ = {isa = PBXBuildFile; fileRef = 20EC005C1EFB46C6001A241F /* RDPUsuarioDALC.swift */; };
		20EC005F1EFB4D2A001A241F /* RDPRegistrarViewController.swift in Sources */ = {isa = PBXBuildFile; fileRef = 20EC005E1EFB4D2A001A241F /* RDPRegistrarViewController.swift */; };
		20EC00611EFB4D53001A241F /* RDPOlvidePasswordViewController.swift in Sources */ = {isa = PBXBuildFile; fileRef = 20EC00601EFB4D53001A241F /* RDPOlvidePasswordViewController.swift */; };
		20EC00631EFB5274001A241F /* RDPUsuarioBC.swift in Sources */ = {isa = PBXBuildFile; fileRef = 20EC00621EFB5274001A241F /* RDPUsuarioBC.swift */; };
/* End PBXBuildFile section */

/* Begin PBXFileReference section */
		209468711EC3CB2400DCDCBD /* Registro_De_Problemas.app */ = {isa = PBXFileReference; explicitFileType = wrapper.application; includeInIndex = 0; path = Registro_De_Problemas.app; sourceTree = BUILT_PRODUCTS_DIR; };
		209468741EC3CB2400DCDCBD /* AppDelegate.swift */ = {isa = PBXFileReference; lastKnownFileType = sourcecode.swift; path = AppDelegate.swift; sourceTree = "<group>"; };
		209468761EC3CB2400DCDCBD /* ViewController.swift */ = {isa = PBXFileReference; lastKnownFileType = sourcecode.swift; path = ViewController.swift; sourceTree = "<group>"; };
		209468791EC3CB2400DCDCBD /* Base */ = {isa = PBXFileReference; lastKnownFileType = file.storyboard; name = Base; path = Base.lproj/Main.storyboard; sourceTree = "<group>"; };
		2094687C1EC3CB2400DCDCBD /* Registro_De_Problemas.xcdatamodel */ = {isa = PBXFileReference; lastKnownFileType = wrapper.xcdatamodel; path = Registro_De_Problemas.xcdatamodel; sourceTree = "<group>"; };
		2094687E1EC3CB2400DCDCBD /* Assets.xcassets */ = {isa = PBXFileReference; lastKnownFileType = folder.assetcatalog; path = Assets.xcassets; sourceTree = "<group>"; };
		209468811EC3CB2400DCDCBD /* Base */ = {isa = PBXFileReference; lastKnownFileType = file.storyboard; name = Base; path = Base.lproj/LaunchScreen.storyboard; sourceTree = "<group>"; };
		209468831EC3CB2400DCDCBD /* Info.plist */ = {isa = PBXFileReference; lastKnownFileType = text.plist.xml; path = Info.plist; sourceTree = "<group>"; };
		20EC00401EFB35F5001A241F /* DIClosures.swift */ = {isa = PBXFileReference; fileEncoding = 4; lastKnownFileType = sourcecode.swift; path = DIClosures.swift; sourceTree = "<group>"; };
		20EC00421EFB35F5001A241F /* CDMColorManager.swift */ = {isa = PBXFileReference; fileEncoding = 4; lastKnownFileType = sourcecode.swift; path = CDMColorManager.swift; sourceTree = "<group>"; };
		20EC00431EFB35F5001A241F /* CDMDateManager.swift */ = {isa = PBXFileReference; fileEncoding = 4; lastKnownFileType = sourcecode.swift; path = CDMDateManager.swift; sourceTree = "<group>"; };
		20EC00441EFB35F5001A241F /* CDMImageDownloaded.swift */ = {isa = PBXFileReference; fileEncoding = 4; lastKnownFileType = sourcecode.swift; path = CDMImageDownloaded.swift; sourceTree = "<group>"; };
		20EC00451EFB35F5001A241F /* CDMKeyChain.swift */ = {isa = PBXFileReference; fileEncoding = 4; lastKnownFileType = sourcecode.swift; path = CDMKeyChain.swift; sourceTree = "<group>"; };
		20EC00461EFB35F5001A241F /* CDMLoadingView.swift */ = {isa = PBXFileReference; fileEncoding = 4; lastKnownFileType = sourcecode.swift; path = CDMLoadingView.swift; sourceTree = "<group>"; };
		20EC00471EFB35F5001A241F /* CDMLocationManager.swift */ = {isa = PBXFileReference; fileEncoding = 4; lastKnownFileType = sourcecode.swift; path = CDMLocationManager.swift; sourceTree = "<group>"; };
		20EC00481EFB35F5001A241F /* CDMUserAlerts.swift */ = {isa = PBXFileReference; fileEncoding = 4; lastKnownFileType = sourcecode.swift; path = CDMUserAlerts.swift; sourceTree = "<group>"; };
		20EC00491EFB35F5001A241F /* CDMWebResponse.swift */ = {isa = PBXFileReference; fileEncoding = 4; lastKnownFileType = sourcecode.swift; path = CDMWebResponse.swift; sourceTree = "<group>"; };
		20EC004A1EFB35F5001A241F /* CDMWebSender.swift */ = {isa = PBXFileReference; fileEncoding = 4; lastKnownFileType = sourcecode.swift; path = CDMWebSender.swift; sourceTree = "<group>"; };
		20EC00551EFB36AF001A241F /* LogIn.storyboard */ = {isa = PBXFileReference; fileEncoding = 4; lastKnownFileType = file.storyboard; path = LogIn.storyboard; sourceTree = "<group>"; };
		20EC00581EFB3759001A241F /* RDPLogInViewController.swift */ = {isa = PBXFileReference; fileEncoding = 4; lastKnownFileType = sourcecode.swift; path = RDPLogInViewController.swift; sourceTree = "<group>"; };
		20EC005A1EFB377F001A241F /* RDPUsuarioBE.swift */ = {isa = PBXFileReference; fileEncoding = 4; lastKnownFileType = sourcecode.swift; path = RDPUsuarioBE.swift; sourceTree = "<group>"; };
		20EC005C1EFB46C6001A241F /* RDPUsuarioDALC.swift */ = {isa = PBXFileReference; fileEncoding = 4; lastKnownFileType = sourcecode.swift; path = RDPUsuarioDALC.swift; sourceTree = "<group>"; };
		20EC005E1EFB4D2A001A241F /* RDPRegistrarViewController.swift */ = {isa = PBXFileReference; fileEncoding = 4; lastKnownFileType = sourcecode.swift; path = RDPRegistrarViewController.swift; sourceTree = "<group>"; };
		20EC00601EFB4D53001A241F /* RDPOlvidePasswordViewController.swift */ = {isa = PBXFileReference; fileEncoding = 4; lastKnownFileType = sourcecode.swift; path = RDPOlvidePasswordViewController.swift; sourceTree = "<group>"; };
		20EC00621EFB5274001A241F /* RDPUsuarioBC.swift */ = {isa = PBXFileReference; fileEncoding = 4; lastKnownFileType = sourcecode.swift; path = RDPUsuarioBC.swift; sourceTree = "<group>"; };
/* End PBXFileReference section */

/* Begin PBXFrameworksBuildPhase section */
		2094686E1EC3CB2400DCDCBD /* Frameworks */ = {
			isa = PBXFrameworksBuildPhase;
			buildActionMask = 2147483647;
			files = (
			);
			runOnlyForDeploymentPostprocessing = 0;
		};
/* End PBXFrameworksBuildPhase section */

/* Begin PBXGroup section */
		209468681EC3CB2400DCDCBD = {
			isa = PBXGroup;
			children = (
				209468731EC3CB2400DCDCBD /* Registro_De_Problemas */,
				209468721EC3CB2400DCDCBD /* Products */,
			);
			sourceTree = "<group>";
		};
		209468721EC3CB2400DCDCBD /* Products */ = {
			isa = PBXGroup;
			children = (
				209468711EC3CB2400DCDCBD /* Registro_De_Problemas.app */,
			);
			name = Products;
			sourceTree = "<group>";
		};
		209468731EC3CB2400DCDCBD /* Registro_De_Problemas */ = {
			isa = PBXGroup;
			children = (
				20EC003E1EFB35F5001A241F /* ClasesGenerales */,
				20EC003D1EFB359F001A241F /* DALC */,
				20EC003C1EFB3594001A241F /* BC */,
				20EC003B1EFB3586001A241F /* BE */,
				20EC00381EFB34F5001A241F /* IPhonee */,
				209468741EC3CB2400DCDCBD /* AppDelegate.swift */,
				209468761EC3CB2400DCDCBD /* ViewController.swift */,
				209468781EC3CB2400DCDCBD /* Main.storyboard */,
				2094687E1EC3CB2400DCDCBD /* Assets.xcassets */,
				209468801EC3CB2400DCDCBD /* LaunchScreen.storyboard */,
				209468831EC3CB2400DCDCBD /* Info.plist */,
				2094687B1EC3CB2400DCDCBD /* Registro_De_Problemas.xcdatamodeld */,
			);
			path = Registro_De_Problemas;
			sourceTree = "<group>";
		};
		20EC00381EFB34F5001A241F /* IPhonee */ = {
			isa = PBXGroup;
			children = (
				20EC003A1EFB3524001A241F /* Vistas */,
				20EC00391EFB3506001A241F /* Class */,
			);
			path = IPhonee;
			sourceTree = "<group>";
		};
		20EC00391EFB3506001A241F /* Class */ = {
			isa = PBXGroup;
			children = (
				20EC00571EFB373F001A241F /* LogIn */,
			);
			path = Class;
			sourceTree = "<group>";
		};
		20EC003A1EFB3524001A241F /* Vistas */ = {
			isa = PBXGroup;
			children = (
				20EC00551EFB36AF001A241F /* LogIn.storyboard */,
			);
			path = Vistas;
			sourceTree = "<group>";
		};
		20EC003B1EFB3586001A241F /* BE */ = {
			isa = PBXGroup;
			children = (
				20EC005A1EFB377F001A241F /* RDPUsuarioBE.swift */,
			);
			path = BE;
			sourceTree = "<group>";
		};
		20EC003C1EFB3594001A241F /* BC */ = {
			isa = PBXGroup;
			children = (
				20EC00621EFB5274001A241F /* RDPUsuarioBC.swift */,
			);
			path = BC;
			sourceTree = "<group>";
		};
		20EC003D1EFB359F001A241F /* DALC */ = {
			isa = PBXGroup;
			children = (
				20EC005C1EFB46C6001A241F /* RDPUsuarioDALC.swift */,
			);
			path = DALC;
			sourceTree = "<group>";
		};
		20EC003E1EFB35F5001A241F /* ClasesGenerales */ = {
			isa = PBXGroup;
			children = (
				20EC003F1EFB35F5001A241F /* Closures */,
				20EC00411EFB35F5001A241F /* CoreDataMedia */,
			);
			path = ClasesGenerales;
			sourceTree = "<group>";
		};
		20EC003F1EFB35F5001A241F /* Closures */ = {
			isa = PBXGroup;
			children = (
				20EC00401EFB35F5001A241F /* DIClosures.swift */,
			);
			path = Closures;
			sourceTree = "<group>";
		};
		20EC00411EFB35F5001A241F /* CoreDataMedia */ = {
			isa = PBXGroup;
			children = (
				20EC00421EFB35F5001A241F /* CDMColorManager.swift */,
				20EC00431EFB35F5001A241F /* CDMDateManager.swift */,
				20EC00441EFB35F5001A241F /* CDMImageDownloaded.swift */,
				20EC00451EFB35F5001A241F /* CDMKeyChain.swift */,
				20EC00461EFB35F5001A241F /* CDMLoadingView.swift */,
				20EC00471EFB35F5001A241F /* CDMLocationManager.swift */,
				20EC00481EFB35F5001A241F /* CDMUserAlerts.swift */,
				20EC00491EFB35F5001A241F /* CDMWebResponse.swift */,
				20EC004A1EFB35F5001A241F /* CDMWebSender.swift */,
			);
			path = CoreDataMedia;
			sourceTree = "<group>";
		};
		20EC00571EFB373F001A241F /* LogIn */ = {
			isa = PBXGroup;
			children = (
				20EC00581EFB3759001A241F /* RDPLogInViewController.swift */,
				20EC005E1EFB4D2A001A241F /* RDPRegistrarViewController.swift */,
				20EC00601EFB4D53001A241F /* RDPOlvidePasswordViewController.swift */,
			);
			path = LogIn;
			sourceTree = "<group>";
		};
/* End PBXGroup section */

/* Begin PBXNativeTarget section */
		209468701EC3CB2400DCDCBD /* Registro_De_Problemas */ = {
			isa = PBXNativeTarget;
			buildConfigurationList = 209468861EC3CB2400DCDCBD /* Build configuration list for PBXNativeTarget "Registro_De_Problemas" */;
			buildPhases = (
				2094686D1EC3CB2400DCDCBD /* Sources */,
				2094686E1EC3CB2400DCDCBD /* Frameworks */,
				2094686F1EC3CB2400DCDCBD /* Resources */,
			);
			buildRules = (
			);
			dependencies = (
			);
			name = Registro_De_Problemas;
			productName = Registro_De_Problemas;
			productReference = 209468711EC3CB2400DCDCBD /* Registro_De_Problemas.app */;
			productType = "com.apple.product-type.application";
		};
/* End PBXNativeTarget section */

/* Begin PBXProject section */
		209468691EC3CB2400DCDCBD /* Project object */ = {
			isa = PBXProject;
			attributes = {
				LastSwiftUpdateCheck = 0830;
				LastUpgradeCheck = 0830;
				ORGANIZATIONNAME = "Daniel V";
				TargetAttributes = {
					209468701EC3CB2400DCDCBD = {
						CreatedOnToolsVersion = 8.3.1;
						ProvisioningStyle = Automatic;
					};
				};
			};
			buildConfigurationList = 2094686C1EC3CB2400DCDCBD /* Build configuration list for PBXProject "Registro_De_Problemas" */;
			compatibilityVersion = "Xcode 3.2";
			developmentRegion = English;
			hasScannedForEncodings = 0;
			knownRegions = (
				en,
				Base,
			);
			mainGroup = 209468681EC3CB2400DCDCBD;
			productRefGroup = 209468721EC3CB2400DCDCBD /* Products */;
			projectDirPath = "";
			projectRoot = "";
			targets = (
				209468701EC3CB2400DCDCBD /* Registro_De_Problemas */,
			);
		};
/* End PBXProject section */

/* Begin PBXResourcesBuildPhase section */
		2094686F1EC3CB2400DCDCBD /* Resources */ = {
			isa = PBXResourcesBuildPhase;
			buildActionMask = 2147483647;
			files = (
				20EC00561EFB36AF001A241F /* LogIn.storyboard in Resources */,
				209468821EC3CB2400DCDCBD /* LaunchScreen.storyboard in Resources */,
				2094687F1EC3CB2400DCDCBD /* Assets.xcassets in Resources */,
				2094687A1EC3CB2400DCDCBD /* Main.storyboard in Resources */,
			);
			runOnlyForDeploymentPostprocessing = 0;
		};
/* End PBXResourcesBuildPhase section */

/* Begin PBXSourcesBuildPhase section */
		2094686D1EC3CB2400DCDCBD /* Sources */ = {
			isa = PBXSourcesBuildPhase;
			buildActionMask = 2147483647;
			files = (
				20EC004C1EFB35F5001A241F /* CDMColorManager.swift in Sources */,
				20EC005D1EFB46C6001A241F /* RDPUsuarioDALC.swift in Sources */,
				20EC00631EFB5274001A241F /* RDPUsuarioBC.swift in Sources */,
				2094687D1EC3CB2400DCDCBD /* Registro_De_Problemas.xcdatamodeld in Sources */,
				20EC004B1EFB35F5001A241F /* DIClosures.swift in Sources */,
				20EC00511EFB35F5001A241F /* CDMLocationManager.swift in Sources */,
				209468771EC3CB2400DCDCBD /* ViewController.swift in Sources */,
				20EC00531EFB35F5001A241F /* CDMWebResponse.swift in Sources */,
				20EC005B1EFB377F001A241F /* RDPUsuarioBE.swift in Sources */,
				20EC00501EFB35F5001A241F /* CDMLoadingView.swift in Sources */,
				209468751EC3CB2400DCDCBD /* AppDelegate.swift in Sources */,
				20EC00541EFB35F5001A241F /* CDMWebSender.swift in Sources */,
				20EC00591EFB3759001A241F /* RDPLogInViewController.swift in Sources */,
				20EC00521EFB35F5001A241F /* CDMUserAlerts.swift in Sources */,
				20EC005F1EFB4D2A001A241F /* RDPRegistrarViewController.swift in Sources */,
				20EC004D1EFB35F5001A241F /* CDMDateManager.swift in Sources */,
				20EC004F1EFB35F5001A241F /* CDMKeyChain.swift in Sources */,
				20EC004E1EFB35F5001A241F /* CDMImageDownloaded.swift in Sources */,
				20EC00611EFB4D53001A241F /* RDPOlvidePasswordViewController.swift in Sources */,
			);
			runOnlyForDeploymentPostprocessing = 0;
		};
/* End PBXSourcesBuildPhase section */

/* Begin PBXVariantGroup section */
		209468781EC3CB2400DCDCBD /* Main.storyboard */ = {
			isa = PBXVariantGroup;
			children = (
				209468791EC3CB2400DCDCBD /* Base */,
			);
			name = Main.storyboard;
			sourceTree = "<group>";
		};
		209468801EC3CB2400DCDCBD /* LaunchScreen.storyboard */ = {
			isa = PBXVariantGroup;
			children = (
				209468811EC3CB2400DCDCBD /* Base */,
			);
			name = LaunchScreen.storyboard;
			sourceTree = "<group>";
		};
/* End PBXVariantGroup section */

/* Begin XCBuildConfiguration section */
		209468841EC3CB2400DCDCBD /* Debug */ = {
			isa = XCBuildConfiguration;
			buildSettings = {
				ALWAYS_SEARCH_USER_PATHS = NO;
				CLANG_ANALYZER_NONNULL = YES;
				CLANG_ANALYZER_NUMBER_OBJECT_CONVERSION = YES_AGGRESSIVE;
				CLANG_CXX_LANGUAGE_STANDARD = "gnu++0x";
				CLANG_CXX_LIBRARY = "libc++";
				CLANG_ENABLE_MODULES = YES;
				CLANG_ENABLE_OBJC_ARC = YES;
				CLANG_WARN_BOOL_CONVERSION = YES;
				CLANG_WARN_CONSTANT_CONVERSION = YES;
				CLANG_WARN_DIRECT_OBJC_ISA_USAGE = YES_ERROR;
				CLANG_WARN_DOCUMENTATION_COMMENTS = YES;
				CLANG_WARN_EMPTY_BODY = YES;
				CLANG_WARN_ENUM_CONVERSION = YES;
				CLANG_WARN_INFINITE_RECURSION = YES;
				CLANG_WARN_INT_CONVERSION = YES;
				CLANG_WARN_OBJC_ROOT_CLASS = YES_ERROR;
				CLANG_WARN_SUSPICIOUS_MOVE = YES;
				CLANG_WARN_UNREACHABLE_CODE = YES;
				CLANG_WARN__DUPLICATE_METHOD_MATCH = YES;
				"CODE_SIGN_IDENTITY[sdk=iphoneos*]" = "iPhone Developer";
				COPY_PHASE_STRIP = NO;
				DEBUG_INFORMATION_FORMAT = dwarf;
				ENABLE_STRICT_OBJC_MSGSEND = YES;
				ENABLE_TESTABILITY = YES;
				GCC_C_LANGUAGE_STANDARD = gnu99;
				GCC_DYNAMIC_NO_PIC = NO;
				GCC_NO_COMMON_BLOCKS = YES;
				GCC_OPTIMIZATION_LEVEL = 0;
				GCC_PREPROCESSOR_DEFINITIONS = (
					"DEBUG=1",
					"$(inherited)",
				);
				GCC_WARN_64_TO_32_BIT_CONVERSION = YES;
				GCC_WARN_ABOUT_RETURN_TYPE = YES_ERROR;
				GCC_WARN_UNDECLARED_SELECTOR = YES;
				GCC_WARN_UNINITIALIZED_AUTOS = YES_AGGRESSIVE;
				GCC_WARN_UNUSED_FUNCTION = YES;
				GCC_WARN_UNUSED_VARIABLE = YES;
				IPHONEOS_DEPLOYMENT_TARGET = 10.3;
				MTL_ENABLE_DEBUG_INFO = YES;
				ONLY_ACTIVE_ARCH = YES;
				SDKROOT = iphoneos;
				SWIFT_ACTIVE_COMPILATION_CONDITIONS = DEBUG;
				SWIFT_OPTIMIZATION_LEVEL = "-Onone";
			};
			name = Debug;
		};
		209468851EC3CB2400DCDCBD /* Release */ = {
			isa = XCBuildConfiguration;
			buildSettings = {
				ALWAYS_SEARCH_USER_PATHS = NO;
				CLANG_ANALYZER_NONNULL = YES;
				CLANG_ANALYZER_NUMBER_OBJECT_CONVERSION = YES_AGGRESSIVE;
				CLANG_CXX_LANGUAGE_STANDARD = "gnu++0x";
				CLANG_CXX_LIBRARY = "libc++";
				CLANG_ENABLE_MODULES = YES;
				CLANG_ENABLE_OBJC_ARC = YES;
				CLANG_WARN_BOOL_CONVERSION = YES;
				CLANG_WARN_CONSTANT_CONVERSION = YES;
				CLANG_WARN_DIRECT_OBJC_ISA_USAGE = YES_ERROR;
				CLANG_WARN_DOCUMENTATION_COMMENTS = YES;
				CLANG_WARN_EMPTY_BODY = YES;
				CLANG_WARN_ENUM_CONVERSION = YES;
				CLANG_WARN_INFINITE_RECURSION = YES;
				CLANG_WARN_INT_CONVERSION = YES;
				CLANG_WARN_OBJC_ROOT_CLASS = YES_ERROR;
				CLANG_WARN_SUSPICIOUS_MOVE = YES;
				CLANG_WARN_UNREACHABLE_CODE = YES;
				CLANG_WARN__DUPLICATE_METHOD_MATCH = YES;
				"CODE_SIGN_IDENTITY[sdk=iphoneos*]" = "iPhone Developer";
				COPY_PHASE_STRIP = NO;
				DEBUG_INFORMATION_FORMAT = "dwarf-with-dsym";
				ENABLE_NS_ASSERTIONS = NO;
				ENABLE_STRICT_OBJC_MSGSEND = YES;
				GCC_C_LANGUAGE_STANDARD = gnu99;
				GCC_NO_COMMON_BLOCKS = YES;
				GCC_WARN_64_TO_32_BIT_CONVERSION = YES;
				GCC_WARN_ABOUT_RETURN_TYPE = YES_ERROR;
				GCC_WARN_UNDECLARED_SELECTOR = YES;
				GCC_WARN_UNINITIALIZED_AUTOS = YES_AGGRESSIVE;
				GCC_WARN_UNUSED_FUNCTION = YES;
				GCC_WARN_UNUSED_VARIABLE = YES;
				IPHONEOS_DEPLOYMENT_TARGET = 10.3;
				MTL_ENABLE_DEBUG_INFO = NO;
				SDKROOT = iphoneos;
				SWIFT_OPTIMIZATION_LEVEL = "-Owholemodule";
				VALIDATE_PRODUCT = YES;
			};
			name = Release;
		};
		209468871EC3CB2400DCDCBD /* Debug */ = {
			isa = XCBuildConfiguration;
			buildSettings = {
				ASSETCATALOG_COMPILER_APPICON_NAME = AppIcon;
				INFOPLIST_FILE = Registro_De_Problemas/Info.plist;
				IPHONEOS_DEPLOYMENT_TARGET = 10.0;
				LD_RUNPATH_SEARCH_PATHS = "$(inherited) @executable_path/Frameworks";
				PRODUCT_BUNDLE_IDENTIFIER = "study.Registro-De-Problemas";
				PRODUCT_NAME = "$(TARGET_NAME)";
				SWIFT_VERSION = 3.0;
				TARGETED_DEVICE_FAMILY = 1;
			};
			name = Debug;
		};
		209468881EC3CB2400DCDCBD /* Release */ = {
			isa = XCBuildConfiguration;
			buildSettings = {
				ASSETCATALOG_COMPILER_APPICON_NAME = AppIcon;
				INFOPLIST_FILE = Registro_De_Problemas/Info.plist;
				IPHONEOS_DEPLOYMENT_TARGET = 10.0;
				LD_RUNPATH_SEARCH_PATHS = "$(inherited) @executable_path/Frameworks";
				PRODUCT_BUNDLE_IDENTIFIER = "study.Registro-De-Problemas";
				PRODUCT_NAME = "$(TARGET_NAME)";
				SWIFT_VERSION = 3.0;
				TARGETED_DEVICE_FAMILY = 1;
			};
			name = Release;
		};
/* End XCBuildConfiguration section */

/* Begin XCConfigurationList section */
		2094686C1EC3CB2400DCDCBD /* Build configuration list for PBXProject "Registro_De_Problemas" */ = {
			isa = XCConfigurationList;
			buildConfigurations = (
				209468841EC3CB2400DCDCBD /* Debug */,
				209468851EC3CB2400DCDCBD /* Release */,
			);
			defaultConfigurationIsVisible = 0;
			defaultConfigurationName = Release;
		};
		209468861EC3CB2400DCDCBD /* Build configuration list for PBXNativeTarget "Registro_De_Problemas" */ = {
			isa = XCConfigurationList;
			buildConfigurations = (
				209468871EC3CB2400DCDCBD /* Debug */,
				209468881EC3CB2400DCDCBD /* Release */,
			);
			defaultConfigurationIsVisible = 0;
			defaultConfigurationName = Release;
		};
/* End XCConfigurationList section */

/* Begin XCVersionGroup section */
		2094687B1EC3CB2400DCDCBD /* Registro_De_Problemas.xcdatamodeld */ = {
			isa = XCVersionGroup;
			children = (
				2094687C1EC3CB2400DCDCBD /* Registro_De_Problemas.xcdatamodel */,
			);
			currentVersion = 2094687C1EC3CB2400DCDCBD /* Registro_De_Problemas.xcdatamodel */;
			path = Registro_De_Problemas.xcdatamodeld;
			sourceTree = "<group>";
			versionGroupType = wrapper.xcdatamodel;
		};
/* End XCVersionGroup section */
	};
	rootObject = 209468691EC3CB2400DCDCBD /* Project object */;
}
